// !$*UTF8*$!
{
	archiveVersion = 1;
	classes = {
	};
	objectVersion = 46;
	objects = {

/* Begin PBXBuildFile section */
		3A23C9B01C4E103100D55178 /* main.m in Sources */ = {isa = PBXBuildFile; fileRef = 3A23C9AF1C4E103100D55178 /* main.m */; };
		3A23C9B31C4E103100D55178 /* AppDelegate.m in Sources */ = {isa = PBXBuildFile; fileRef = 3A23C9B21C4E103100D55178 /* AppDelegate.m */; };
		3A23C9B61C4E103100D55178 /* ViewController.m in Sources */ = {isa = PBXBuildFile; fileRef = 3A23C9B51C4E103100D55178 /* ViewController.m */; };
		3A23C9B91C4E103100D55178 /* Main.storyboard in Resources */ = {isa = PBXBuildFile; fileRef = 3A23C9B71C4E103100D55178 /* Main.storyboard */; };
		3A23C9BB1C4E103100D55178 /* Assets.xcassets in Resources */ = {isa = PBXBuildFile; fileRef = 3A23C9BA1C4E103100D55178 /* Assets.xcassets */; };
		3A23C9BE1C4E103100D55178 /* LaunchScreen.storyboard in Resources */ = {isa = PBXBuildFile; fileRef = 3A23C9BC1C4E103100D55178 /* LaunchScreen.storyboard */; };
		3A23C9C91C4E103100D55178 /* VideoPlayTests.m in Sources */ = {isa = PBXBuildFile; fileRef = 3A23C9C81C4E103100D55178 /* VideoPlayTests.m */; };
		3A23C9D41C4E103100D55178 /* VideoPlayUITests.m in Sources */ = {isa = PBXBuildFile; fileRef = 3A23C9D31C4E103100D55178 /* VideoPlayUITests.m */; };
/* End PBXBuildFile section */

/* Begin PBXContainerItemProxy section */
		3A23C9C51C4E103100D55178 /* PBXContainerItemProxy */ = {
			isa = PBXContainerItemProxy;
			containerPortal = 3A23C9A31C4E103100D55178 /* Project object */;
			proxyType = 1;
			remoteGlobalIDString = 3A23C9AA1C4E103100D55178;
			remoteInfo = VideoPlay;
		};
		3A23C9D01C4E103100D55178 /* PBXContainerItemProxy */ = {
			isa = PBXContainerItemProxy;
			containerPortal = 3A23C9A31C4E103100D55178 /* Project object */;
			proxyType = 1;
			remoteGlobalIDString = 3A23C9AA1C4E103100D55178;
			remoteInfo = VideoPlay;
		};
/* End PBXContainerItemProxy section */

/* Begin PBXFileReference section */
		3A23C9AB1C4E103100D55178 /* VideoPlay.app */ = {isa = PBXFileReference; explicitFileType = wrapper.application; includeInIndex = 0; path = VideoPlay.app; sourceTree = BUILT_PRODUCTS_DIR; };
		3A23C9AF1C4E103100D55178 /* main.m */ = {isa = PBXFileReference; lastKnownFileType = sourcecode.c.objc; path = main.m; sourceTree = "<group>"; };
		3A23C9B11C4E103100D55178 /* AppDelegate.h */ = {isa = PBXFileReference; lastKnownFileType = sourcecode.c.h; path = AppDelegate.h; sourceTree = "<group>"; };
		3A23C9B21C4E103100D55178 /* AppDelegate.m */ = {isa = PBXFileReference; lastKnownFileType = sourcecode.c.objc; path = AppDelegate.m; sourceTree = "<group>"; };
		3A23C9B41C4E103100D55178 /* ViewController.h */ = {isa = PBXFileReference; lastKnownFileType = sourcecode.c.h; path = ViewController.h; sourceTree = "<group>"; };
		3A23C9B51C4E103100D55178 /* ViewController.m */ = {isa = PBXFileReference; lastKnownFileType = sourcecode.c.objc; path = ViewController.m; sourceTree = "<group>"; };
		3A23C9B81C4E103100D55178 /* Base */ = {isa = PBXFileReference; lastKnownFileType = file.storyboard; name = Base; path = Base.lproj/Main.storyboard; sourceTree = "<group>"; };
		3A23C9BA1C4E103100D55178 /* Assets.xcassets */ = {isa = PBXFileReference; lastKnownFileType = folder.assetcatalog; path = Assets.xcassets; sourceTree = "<group>"; };
		3A23C9BD1C4E103100D55178 /* Base */ = {isa = PBXFileReference; lastKnownFileType = file.storyboard; name = Base; path = Base.lproj/LaunchScreen.storyboard; sourceTree = "<group>"; };
		3A23C9BF1C4E103100D55178 /* Info.plist */ = {isa = PBXFileReference; lastKnownFileType = text.plist.xml; path = Info.plist; sourceTree = "<group>"; };
		3A23C9C41C4E103100D55178 /* VideoPlayTests.xctest */ = {isa = PBXFileReference; explicitFileType = wrapper.cfbundle; includeInIndex = 0; path = VideoPlayTests.xctest; sourceTree = BUILT_PRODUCTS_DIR; };
		3A23C9C81C4E103100D55178 /* VideoPlayTests.m */ = {isa = PBXFileReference; lastKnownFileType = sourcecode.c.objc; path = VideoPlayTests.m; sourceTree = "<group>"; };
		3A23C9CA1C4E103100D55178 /* Info.plist */ = {isa = PBXFileReference; lastKnownFileType = text.plist.xml; path = Info.plist; sourceTree = "<group>"; };
		3A23C9CF1C4E103100D55178 /* VideoPlayUITests.xctest */ = {isa = PBXFileReference; explicitFileType = wrapper.cfbundle; includeInIndex = 0; path = VideoPlayUITests.xctest; sourceTree = BUILT_PRODUCTS_DIR; };
		3A23C9D31C4E103100D55178 /* VideoPlayUITests.m */ = {isa = PBXFileReference; lastKnownFileType = sourcecode.c.objc; path = VideoPlayUITests.m; sourceTree = "<group>"; };
		3A23C9D51C4E103100D55178 /* Info.plist */ = {isa = PBXFileReference; lastKnownFileType = text.plist.xml; path = Info.plist; sourceTree = "<group>"; };
/* End PBXFileReference section */

/* Begin PBXFrameworksBuildPhase section */
		3A23C9A81C4E103100D55178 /* Frameworks */ = {
			isa = PBXFrameworksBuildPhase;
			buildActionMask = 2147483647;
			files = (
			);
			runOnlyForDeploymentPostprocessing = 0;
		};
		3A23C9C11C4E103100D55178 /* Frameworks */ = {
			isa = PBXFrameworksBuildPhase;
			buildActionMask = 2147483647;
			files = (
			);
			runOnlyForDeploymentPostprocessing = 0;
		};
		3A23C9CC1C4E103100D55178 /* Frameworks */ = {
			isa = PBXFrameworksBuildPhase;
			buildActionMask = 2147483647;
			files = (
			);
			runOnlyForDeploymentPostprocessing = 0;
		};
/* End PBXFrameworksBuildPhase section */

/* Begin PBXGroup section */
		3A23C9A21C4E103100D55178 = {
			isa = PBXGroup;
			children = (
				3A23C9AD1C4E103100D55178 /* VideoPlay */,
				3A23C9C71C4E103100D55178 /* VideoPlayTests */,
				3A23C9D21C4E103100D55178 /* VideoPlayUITests */,
				3A23C9AC1C4E103100D55178 /* Products */,
			);
			sourceTree = "<group>";
		};
		3A23C9AC1C4E103100D55178 /* Products */ = {
			isa = PBXGroup;
			children = (
				3A23C9AB1C4E103100D55178 /* VideoPlay.app */,
				3A23C9C41C4E103100D55178 /* VideoPlayTests.xctest */,
				3A23C9CF1C4E103100D55178 /* VideoPlayUITests.xctest */,
			);
			name = Products;
			sourceTree = "<group>";
		};
		3A23C9AD1C4E103100D55178 /* VideoPlay */ = {
			isa = PBXGroup;
			children = (
				3A23C9B11C4E103100D55178 /* AppDelegate.h */,
				3A23C9B21C4E103100D55178 /* AppDelegate.m */,
				3A23C9B41C4E103100D55178 /* ViewController.h */,
				3A23C9B51C4E103100D55178 /* ViewController.m */,
				3A23C9B71C4E103100D55178 /* Main.storyboard */,
				3A23C9BA1C4E103100D55178 /* Assets.xcassets */,
				3A23C9BC1C4E103100D55178 /* LaunchScreen.storyboard */,
				3A23C9BF1C4E103100D55178 /* Info.plist */,
				3A23C9AE1C4E103100D55178 /* Supporting Files */,
			);
			path = VideoPlay;
			sourceTree = "<group>";
		};
		3A23C9AE1C4E103100D55178 /* Supporting Files */ = {
			isa = PBXGroup;
			children = (
				3A23C9AF1C4E103100D55178 /* main.m */,
			);
			name = "Supporting Files";
			sourceTree = "<group>";
		};
		3A23C9C71C4E103100D55178 /* VideoPlayTests */ = {
			isa = PBXGroup;
			children = (
				3A23C9C81C4E103100D55178 /* VideoPlayTests.m */,
				3A23C9CA1C4E103100D55178 /* Info.plist */,
			);
			path = VideoPlayTests;
			sourceTree = "<group>";
		};
		3A23C9D21C4E103100D55178 /* VideoPlayUITests */ = {
			isa = PBXGroup;
			children = (
				3A23C9D31C4E103100D55178 /* VideoPlayUITests.m */,
				3A23C9D51C4E103100D55178 /* Info.plist */,
			);
			path = VideoPlayUITests;
			sourceTree = "<group>";
		};
/* End PBXGroup section */

/* Begin PBXNativeTarget section */
		3A23C9AA1C4E103100D55178 /* VideoPlay */ = {
			isa = PBXNativeTarget;
			buildConfigurationList = 3A23C9D81C4E103100D55178 /* Build configuration list for PBXNativeTarget "VideoPlay" */;
			buildPhases = (
				3A23C9A71C4E103100D55178 /* Sources */,
				3A23C9A81C4E103100D55178 /* Frameworks */,
				3A23C9A91C4E103100D55178 /* Resources */,
			);
			buildRules = (
			);
			dependencies = (
			);
			name = VideoPlay;
			productName = VideoPlay;
			productReference = 3A23C9AB1C4E103100D55178 /* VideoPlay.app */;
			productType = "com.apple.product-type.application";
		};
		3A23C9C31C4E103100D55178 /* VideoPlayTests */ = {
			isa = PBXNativeTarget;
			buildConfigurationList = 3A23C9DB1C4E103100D55178 /* Build configuration list for PBXNativeTarget "VideoPlayTests" */;
			buildPhases = (
				3A23C9C01C4E103100D55178 /* Sources */,
				3A23C9C11C4E103100D55178 /* Frameworks */,
				3A23C9C21C4E103100D55178 /* Resources */,
			);
			buildRules = (
			);
			dependencies = (
				3A23C9C61C4E103100D55178 /* PBXTargetDependency */,
			);
			name = VideoPlayTests;
			productName = VideoPlayTests;
			productReference = 3A23C9C41C4E103100D55178 /* VideoPlayTests.xctest */;
			productType = "com.apple.product-type.bundle.unit-test";
		};
		3A23C9CE1C4E103100D55178 /* VideoPlayUITests */ = {
			isa = PBXNativeTarget;
			buildConfigurationList = 3A23C9DE1C4E103100D55178 /* Build configuration list for PBXNativeTarget "VideoPlayUITests" */;
			buildPhases = (
				3A23C9CB1C4E103100D55178 /* Sources */,
				3A23C9CC1C4E103100D55178 /* Frameworks */,
				3A23C9CD1C4E103100D55178 /* Resources */,
			);
			buildRules = (
			);
			dependencies = (
				3A23C9D11C4E103100D55178 /* PBXTargetDependency */,
			);
			name = VideoPlayUITests;
			productName = VideoPlayUITests;
			productReference = 3A23C9CF1C4E103100D55178 /* VideoPlayUITests.xctest */;
			productType = "com.apple.product-type.bundle.ui-testing";
		};
/* End PBXNativeTarget section */

/* Begin PBXProject section */
		3A23C9A31C4E103100D55178 /* Project object */ = {
			isa = PBXProject;
			attributes = {
				LastUpgradeCheck = 0720;
				ORGANIZATIONNAME = XiaoFeng;
				TargetAttributes = {
					3A23C9AA1C4E103100D55178 = {
						CreatedOnToolsVersion = 7.2;
					};
					3A23C9C31C4E103100D55178 = {
						CreatedOnToolsVersion = 7.2;
						TestTargetID = 3A23C9AA1C4E103100D55178;
					};
					3A23C9CE1C4E103100D55178 = {
						CreatedOnToolsVersion = 7.2;
						TestTargetID = 3A23C9AA1C4E103100D55178;
					};
				};
			};
			buildConfigurationList = 3A23C9A61C4E103100D55178 /* Build configuration list for PBXProject "VideoPlay" */;
			compatibilityVersion = "Xcode 3.2";
			developmentRegion = English;
			hasScannedForEncodings = 0;
			knownRegions = (
				en,
				Base,
			);
			mainGroup = 3A23C9A21C4E103100D55178;
			productRefGroup = 3A23C9AC1C4E103100D55178 /* Products */;
			projectDirPath = "";
			projectRoot = "";
			targets = (
				3A23C9AA1C4E103100D55178 /* VideoPlay */,
				3A23C9C31C4E103100D55178 /* VideoPlayTests */,
				3A23C9CE1C4E103100D55178 /* VideoPlayUITests */,
			);
		};
/* End PBXProject section */

/* Begin PBXResourcesBuildPhase section */
		3A23C9A91C4E103100D55178 /* Resources */ = {
			isa = PBXResourcesBuildPhase;
			buildActionMask = 2147483647;
			files = (
				3A23C9BE1C4E103100D55178 /* LaunchScreen.storyboard in Resources */,
				3A23C9BB1C4E103100D55178 /* Assets.xcassets in Resources */,
				3A23C9B91C4E103100D55178 /* Main.storyboard in Resources */,
			);
			runOnlyForDeploymentPostprocessing = 0;
		};
		3A23C9C21C4E103100D55178 /* Resources */ = {
			isa = PBXResourcesBuildPhase;
			buildActionMask = 2147483647;
			files = (
			);
			runOnlyForDeploymentPostprocessing = 0;
		};
		3A23C9CD1C4E103100D55178 /* Resources */ = {
			isa = PBXResourcesBuildPhase;
			buildActionMask = 2147483647;
			files = (
			);
			runOnlyForDeploymentPostprocessing = 0;
		};
/* End PBXResourcesBuildPhase section */

/* Begin PBXSourcesBuildPhase section */
		3A23C9A71C4E103100D55178 /* Sources */ = {
			isa = PBXSourcesBuildPhase;
			buildActionMask = 2147483647;
			files = (
				3A23C9B61C4E103100D55178 /* ViewController.m in Sources */,
				3A23C9B31C4E103100D55178 /* AppDelegate.m in Sources */,
				3A23C9B01C4E103100D55178 /* main.m in Sources */,
			);
			runOnlyForDeploymentPostprocessing = 0;
		};
		3A23C9C01C4E103100D55178 /* Sources */ = {
			isa = PBXSourcesBuildPhase;
			buildActionMask = 2147483647;
			files = (
				3A23C9C91C4E103100D55178 /* VideoPlayTests.m in Sources */,
			);
			runOnlyForDeploymentPostprocessing = 0;
		};
		3A23C9CB1C4E103100D55178 /* Sources */ = {
			isa = PBXSourcesBuildPhase;
			buildActionMask = 2147483647;
			files = (
				3A23C9D41C4E103100D55178 /* VideoPlayUITests.m in Sources */,
			);
			runOnlyForDeploymentPostprocessing = 0;
		};
/* End PBXSourcesBuildPhase section */

/* Begin PBXTargetDependency section */
		3A23C9C61C4E103100D55178 /* PBXTargetDependency */ = {
			isa = PBXTargetDependency;
			target = 3A23C9AA1C4E103100D55178 /* VideoPlay */;
			targetProxy = 3A23C9C51C4E103100D55178 /* PBXContainerItemProxy */;
		};
		3A23C9D11C4E103100D55178 /* PBXTargetDependency */ = {
			isa = PBXTargetDependency;
			target = 3A23C9AA1C4E103100D55178 /* VideoPlay */;
			targetProxy = 3A23C9D01C4E103100D55178 /* PBXContainerItemProxy */;
		};
/* End PBXTargetDependency section */

/* Begin PBXVariantGroup section */
		3A23C9B71C4E103100D55178 /* Main.storyboard */ = {
			isa = PBXVariantGroup;
			children = (
				3A23C9B81C4E103100D55178 /* Base */,
			);
			name = Main.storyboard;
			sourceTree = "<group>";
		};
		3A23C9BC1C4E103100D55178 /* LaunchScreen.storyboard */ = {
			isa = PBXVariantGroup;
			children = (
				3A23C9BD1C4E103100D55178 /* Base */,
			);
			name = LaunchScreen.storyboard;
			sourceTree = "<group>";
		};
/* End PBXVariantGroup section */

/* Begin XCBuildConfiguration section */
		3A23C9D61C4E103100D55178 /* Debug */ = {
			isa = XCBuildConfiguration;
			buildSettings = {
				ALWAYS_SEARCH_USER_PATHS = NO;
				CLANG_CXX_LANGUAGE_STANDARD = "gnu++0x";
				CLANG_CXX_LIBRARY = "libc++";
				CLANG_ENABLE_MODULES = YES;
				CLANG_ENABLE_OBJC_ARC = YES;
				CLANG_WARN_BOOL_CONVERSION = YES;
				CLANG_WARN_CONSTANT_CONVERSION = YES;
				CLANG_WARN_DIRECT_OBJC_ISA_USAGE = YES_ERROR;
				CLANG_WARN_EMPTY_BODY = YES;
				CLANG_WARN_ENUM_CONVERSION = YES;
				CLANG_WARN_INT_CONVERSION = YES;
				CLANG_WARN_OBJC_ROOT_CLASS = YES_ERROR;
				CLANG_WARN_UNREACHABLE_CODE = YES;
				CLANG_WARN__DUPLICATE_METHOD_MATCH = YES;
				"CODE_SIGN_IDENTITY[sdk=iphoneos*]" = "iPhone Developer";
				COPY_PHASE_STRIP = NO;
				DEBUG_INFORMATION_FORMAT = dwarf;
				ENABLE_STRICT_OBJC_MSGSEND = YES;
				ENABLE_TESTABILITY = YES;
				GCC_C_LANGUAGE_STANDARD = gnu99;
				GCC_DYNAMIC_NO_PIC = NO;
				GCC_NO_COMMON_BLOCKS = YES;
				GCC_OPTIMIZATION_LEVEL = 0;
				GCC_PREPROCESSOR_DEFINITIONS = (
					"DEBUG=1",
					"$(inherited)",
				);
				GCC_WARN_64_TO_32_BIT_CONVERSION = YES;
				GCC_WARN_ABOUT_RETURN_TYPE = YES_ERROR;
				GCC_WARN_UNDECLARED_SELECTOR = YES;
				GCC_WARN_UNINITIALIZED_AUTOS = YES_AGGRESSIVE;
				GCC_WARN_UNUSED_FUNCTION = YES;
				GCC_WARN_UNUSED_VARIABLE = YES;
				IPHONEOS_DEPLOYMENT_TARGET = 9.2;
				MTL_ENABLE_DEBUG_INFO = YES;
				ONLY_ACTIVE_ARCH = YES;
				SDKROOT = iphoneos;
				TARGETED_DEVICE_FAMILY = "1,2";
			};
			name = Debug;
		};
		3A23C9D71C4E103100D55178 /* Release */ = {
			isa = XCBuildConfiguration;
			buildSettings = {
				ALWAYS_SEARCH_USER_PATHS = NO;
				CLANG_CXX_LANGUAGE_STANDARD = "gnu++0x";
				CLANG_CXX_LIBRARY = "libc++";
				CLANG_ENABLE_MODULES = YES;
				CLANG_ENABLE_OBJC_ARC = YES;
				CLANG_WARN_BOOL_CONVERSION = YES;
				CLANG_WARN_CONSTANT_CONVERSION = YES;
				CLANG_WARN_DIRECT_OBJC_ISA_USAGE = YES_ERROR;
				CLANG_WARN_EMPTY_BODY = YES;
				CLANG_WARN_ENUM_CONVERSION = YES;
				CLANG_WARN_INT_CONVERSION = YES;
				CLANG_WARN_OBJC_ROOT_CLASS = YES_ERROR;
				CLANG_WARN_UNREACHABLE_CODE = YES;
				CLANG_WARN__DUPLICATE_METHOD_MATCH = YES;
				"CODE_SIGN_IDENTITY[sdk=iphoneos*]" = "iPhone Developer";
				COPY_PHASE_STRIP = NO;
				DEBUG_INFORMATION_FORMAT = "dwarf-with-dsym";
				ENABLE_NS_ASSERTIONS = NO;
				ENABLE_STRICT_OBJC_MSGSEND = YES;
				GCC_C_LANGUAGE_STANDARD = gnu99;
				GCC_NO_COMMON_BLOCKS = YES;
				GCC_WARN_64_TO_32_BIT_CONVERSION = YES;
				GCC_WARN_ABOUT_RETURN_TYPE = YES_ERROR;
				GCC_WARN_UNDECLARED_SELECTOR = YES;
				GCC_WARN_UNINITIALIZED_AUTOS = YES_AGGRESSIVE;
				GCC_WARN_UNUSED_FUNCTION = YES;
				GCC_WARN_UNUSED_VARIABLE = YES;
				IPHONEOS_DEPLOYMENT_TARGET = 9.2;
				MTL_ENABLE_DEBUG_INFO = NO;
				SDKROOT = iphoneos;
				TARGETED_DEVICE_FAMILY = "1,2";
				VALIDATE_PRODUCT = YES;
			};
			name = Release;
		};
		3A23C9D91C4E103100D55178 /* Debug */ = {
			isa = XCBuildConfiguration;
			buildSettings = {
				ASSETCATALOG_COMPILER_APPICON_NAME = AppIcon;
				INFOPLIST_FILE = VideoPlay/Info.plist;
				LD_RUNPATH_SEARCH_PATHS = "$(inherited) @executable_path/Frameworks";
				PRODUCT_BUNDLE_IDENTIFIER = BieZhi.VideoPlay;
				PRODUCT_NAME = "$(TARGET_NAME)";
			};
			name = Debug;
		};
		3A23C9DA1C4E103100D55178 /* Release */ = {
			isa = XCBuildConfiguration;
			buildSettings = {
				ASSETCATALOG_COMPILER_APPICON_NAME = AppIcon;
				INFOPLIST_FILE = VideoPlay/Info.plist;
				LD_RUNPATH_SEARCH_PATHS = "$(inherited) @executable_path/Frameworks";
				PRODUCT_BUNDLE_IDENTIFIER = BieZhi.VideoPlay;
				PRODUCT_NAME = "$(TARGET_NAME)";
			};
			name = Release;
		};
		3A23C9DC1C4E103100D55178 /* Debug */ = {
			isa = XCBuildConfiguration;
			buildSettings = {
				BUNDLE_LOADER = "$(TEST_HOST)";
				INFOPLIST_FILE = VideoPlayTests/Info.plist;
				LD_RUNPATH_SEARCH_PATHS = "$(inherited) @executable_path/Frameworks @loader_path/Frameworks";
				PRODUCT_BUNDLE_IDENTIFIER = BieZhi.VideoPlayTests;
				PRODUCT_NAME = "$(TARGET_NAME)";
				TEST_HOST = "$(BUILT_PRODUCTS_DIR)/VideoPlay.app/VideoPlay";
			};
			name = Debug;
		};
		3A23C9DD1C4E103100D55178 /* Release */ = {
			isa = XCBuildConfiguration;
			buildSettings = {
				BUNDLE_LOADER = "$(TEST_HOST)";
				INFOPLIST_FILE = VideoPlayTests/Info.plist;
				LD_RUNPATH_SEARCH_PATHS = "$(inherited) @executable_path/Frameworks @loader_path/Frameworks";
				PRODUCT_BUNDLE_IDENTIFIER = BieZhi.VideoPlayTests;
				PRODUCT_NAME = "$(TARGET_NAME)";
				TEST_HOST = "$(BUILT_PRODUCTS_DIR)/VideoPlay.app/VideoPlay";
			};
			name = Release;
		};
		3A23C9DF1C4E103100D55178 /* Debug */ = {
			isa = XCBuildConfiguration;
			buildSettings = {
				INFOPLIST_FILE = VideoPlayUITests/Info.plist;
				LD_RUNPATH_SEARCH_PATHS = "$(inherited) @executable_path/Frameworks @loader_path/Frameworks";
				PRODUCT_BUNDLE_IDENTIFIER = BieZhi.VideoPlayUITests;
				PRODUCT_NAME = "$(TARGET_NAME)";
				TEST_TARGET_NAME = VideoPlay;
				USES_XCTRUNNER = YES;
			};
			name = Debug;
		};
		3A23C9E01C4E103100D55178 /* Release */ = {
			isa = XCBuildConfiguration;
			buildSettings = {
				INFOPLIST_FILE = VideoPlayUITests/Info.plist;
				LD_RUNPATH_SEARCH_PATHS = "$(inherited) @executable_path/Frameworks @loader_path/Frameworks";
				PRODUCT_BUNDLE_IDENTIFIER = BieZhi.VideoPlayUITests;
				PRODUCT_NAME = "$(TARGET_NAME)";
				TEST_TARGET_NAME = VideoPlay;
				USES_XCTRUNNER = YES;
			};
			name = Release;
		};
/* End XCBuildConfiguration section */

/* Begin XCConfigurationList section */
		3A23C9A61C4E103100D55178 /* Build configuration list for PBXProject "VideoPlay" */ = {
			isa = XCConfigurationList;
			buildConfigurations = (
				3A23C9D61C4E103100D55178 /* Debug */,
				3A23C9D71C4E103100D55178 /* Release */,
			);
			defaultConfigurationIsVisible = 0;
			defaultConfigurationName = Release;
		};
		3A23C9D81C4E103100D55178 /* Build configuration list for PBXNativeTarget "VideoPlay" */ = {
			isa = XCConfigurationList;
			buildConfigurations = (
				3A23C9D91C4E103100D55178 /* Debug */,
				3A23C9DA1C4E103100D55178 /* Release */,
			);
			defaultConfigurationIsVisible = 0;
		};
		3A23C9DB1C4E103100D55178 /* Build configuration list for PBXNativeTarget "VideoPlayTests" */ = {
			isa = XCConfigurationList;
			buildConfigurations = (
				3A23C9DC1C4E103100D55178 /* Debug */,
				3A23C9DD1C4E103100D55178 /* Release */,
			);
			defaultConfigurationIsVisible = 0;
		};
		3A23C9DE1C4E103100D55178 /* Build configuration list for PBXNativeTarget "VideoPlayUITests" */ = {
			isa = XCConfigurationList;
			buildConfigurations = (
				3A23C9DF1C4E103100D55178 /* Debug */,
				3A23C9E01C4E103100D55178 /* Release */,
			);
			defaultConfigurationIsVisible = 0;
		};
/* End XCConfigurationList section */
	};
	rootObject = 3A23C9A31C4E103100D55178 /* Project object */;
}
